{
  "name": "coundowntimer-js",
  "version": "1.1.0",
  "lockfileVersion": 3,
  "requires": true,
  "author": "Iqbal Hossain",
  "description": "A simple countdown library for webpages.",
  "homepage": "https://github.com/iqbal-web/countdown-js",
  "keywords": [
    "countdown",
    "timer",
    "library"
  ],
  "license": "MIT",
  "main": "src/countdown.js",
  "packages": {
    "": {
      "name": "coundowntimer-js",
      "version": "1.0.0",
      "license": "ISC"
    }
  },
  "bugs": {
    "url": "https://github.com/iqbal-web/countdown-js/issues"
  },
  "repository": {
    "type": "git",
    "url": "https://github.com/iqbal-web/countdown-js.git"
  }
}
