{
	"name": "countdown-js",
	"version": "1.0.0",
	"description": "A simple countdown library for webpages.",
	"main": "src/countdown.js",
	"repository": {
	  "type": "git",
	  "url": "https://github.com/iqbal-web/countdown-js.git"
	},
	"keywords": ["countdown", "timer", "library"],
	"license": "MIT",
	"author": "Iqbal Hossain",
	"homepage": "https://github.com/iqbal-web/countdown-js",
	"bugs": {
	  "url": "https://github.com/iqbal-web/countdown-js/issues"
	}
  }
  